
Microsoft Visual Studio Solution File, Format Version 12.00
# Visual Studio Version 16
VisualStudioVersion = 16.0.30114.105
MinimumVisualStudioVersion = 10.0.40219.1
Project("{FAE04EC0-301F-11D3-BF4B-00C04F79EFBC}") = "BuildSchoolBot", "BuildSchoolBot\BuildSchoolBot.csproj", "{69260669-E5B1-47C5-8437-D9D149864C43}"
EndProject
Global
	GlobalSection(SolutionConfigurationPlatforms) = preSolution
		Debug|Any CPU = Debug|Any CPU
		Release|Any CPU = Release|Any CPU
	EndGlobalSection
	GlobalSection(ProjectConfigurationPlatforms) = postSolution
		{69260669-E5B1-47C5-8437-D9D149864C43}.Debug|Any CPU.ActiveCfg = Debug|Any CPU
		{69260669-E5B1-47C5-8437-D9D149864C43}.Debug|Any CPU.Build.0 = Debug|Any CPU
		{69260669-E5B1-47C5-8437-D9D149864C43}.Release|Any CPU.ActiveCfg = Release|Any CPU
		{69260669-E5B1-47C5-8437-D9D149864C43}.Release|Any CPU.Build.0 = Release|Any CPU
	EndGlobalSection
	GlobalSection(SolutionProperties) = preSolution
		HideSolutionNode = FALSE
	EndGlobalSection
	GlobalSection(ExtensibilityGlobals) = postSolution
		SolutionGuid = {1F61D3AD-0801-40A8-A176-F54EB72DF8A6}
	EndGlobalSection
EndGlobal
